
Microsoft Visual Studio Solution File, Format Version 12.00
# Visual Studio Version 16
VisualStudioVersion = 16.0.30804.86
MinimumVisualStudioVersion = 10.0.40219.1
Project("{FAE04EC0-301F-11D3-BF4B-00C04F79EFBC}") = "MintManger_NET", "MintManger_NET\MintManger_NET.csproj", "{16ECF9E5-87BF-4E56-A7A3-A43E2550D1F3}"
EndProject
Global
	GlobalSection(SolutionConfigurationPlatforms) = preSolution
		Debug|Any CPU = Debug|Any CPU
		Release|Any CPU = Release|Any CPU
	EndGlobalSection
	GlobalSection(ProjectConfigurationPlatforms) = postSolution
		{16ECF9E5-87BF-4E56-A7A3-A43E2550D1F3}.Debug|Any CPU.ActiveCfg = Debug|Any CPU
		{16ECF9E5-87BF-4E56-A7A3-A43E2550D1F3}.Debug|Any CPU.Build.0 = Debug|Any CPU
		{16ECF9E5-87BF-4E56-A7A3-A43E2550D1F3}.Release|Any CPU.ActiveCfg = Release|Any CPU
		{16ECF9E5-87BF-4E56-A7A3-A43E2550D1F3}.Release|Any CPU.Build.0 = Release|Any CPU
	EndGlobalSection
	GlobalSection(SolutionProperties) = preSolution
		HideSolutionNode = FALSE
	EndGlobalSection
	GlobalSection(ExtensibilityGlobals) = postSolution
		SolutionGuid = {19A4ADBE-B763-443E-82EE-6062616C207B}
	EndGlobalSection
EndGlobal
